
Microsoft Visual Studio Solution File, Format Version 10.00
# Visual Studio 2008
Project("{8BC9CEB8-8B4A-11D0-8D11-00A0C91BC942}") = "PE_HEADER", "PE_HEADER.vcproj", "{7DC8C8CB-6B61-4B71-AABE-5B156567ABF1}"
EndProject
Global
	GlobalSection(SolutionConfigurationPlatforms) = preSolution
		Debug|Win32 = Debug|Win32
		Release|Win32 = Release|Win32
	EndGlobalSection
	GlobalSection(ProjectConfigurationPlatforms) = postSolution
		{7DC8C8CB-6B61-4B71-AABE-5B156567ABF1}.Debug|Win32.ActiveCfg = Debug|Win32
		{7DC8C8CB-6B61-4B71-AABE-5B156567ABF1}.Debug|Win32.Build.0 = Debug|Win32
		{7DC8C8CB-6B61-4B71-AABE-5B156567ABF1}.Release|Win32.ActiveCfg = Release|Win32
		{7DC8C8CB-6B61-4B71-AABE-5B156567ABF1}.Release|Win32.Build.0 = Release|Win32
	EndGlobalSection
	GlobalSection(SolutionProperties) = preSolution
		HideSolutionNode = FALSE
	EndGlobalSection
EndGlobal
